github.com/RoXoR1412/dog v0.0.0-20241208203323-5f5bb15a63ff h1:RUBq+UXuQb6Bi9yjcGLHY1QvPy/f2IrnTcqXkXecFFc=
github.com/RoXoR1412/dog v0.0.0-20241208203323-5f5bb15a63ff/go.mod h1:5sAlugMeYQ1sjtdP+q2PEC2BWb3lFVsUtwHvbYBebAA=
github.com/RoXoR1412/dog v0.0.0-20241208211408-9699ee1ad4aa h1:r6IhKv9IXk89QyFiC09G096iUAgz1wkFnH7jx9nVJ38=
github.com/RoXoR1412/dog v0.0.0-20241208211408-9699ee1ad4aa/go.mod h1:5sAlugMeYQ1sjtdP+q2PEC2BWb3lFVsUtwHvbYBebAA=
github.com/RoXoR1412/puppy v0.0.0-20241208205311-5095fd606f13 h1:vFmYMboOsm4VZt02a8FiZLFw1oadkXR4YIV+VeBYyo8=
github.com/RoXoR1412/puppy v0.0.0-20241208205311-5095fd606f13/go.mod h1:EMLMrGkVIXls7YzRwrD+6sgxxSrCL3kkIv3Bt3RZBgQ=
github.com/RoXoR1412/puppy v0.0.0-20241208210734-c417aeaa66e7 h1:KTlf67RMRu45OBpaqHDzX1yN6+VdH+4hfsNPw55DGmg=
github.com/RoXoR1412/puppy v0.0.0-20241208210734-c417aeaa66e7/go.mod h1:Gt+pllt/+5fMhMuJN8LWCEL6fcIY8/i5vcZHlLiVvPY=
github.com/RoXoR1412/puppy v0.0.0-20241208211614-4cf68e9e31b6 h1:j2SeHlh96qooyXeTCN6uMzGiPCvxYpRO1Kl0ofO+FKE=
github.com/RoXoR1412/puppy v0.0.0-20241208211614-4cf68e9e31b6/go.mod h1:TWtQTPUQNi62XffxC7R7Sdx0Fm6ofQCQnkF/va3bIdA=
