github.com/RoXoR1412/dog v0.0.0-20241208211408-9699ee1ad4aa h1:r6IhKv9IXk89QyFiC09G096iUAgz1wkFnH7jx9nVJ38=
github.com/RoXoR1412/dog v0.0.0-20241208211408-9699ee1ad4aa/go.mod h1:5sAlugMeYQ1sjtdP+q2PEC2BWb3lFVsUtwHvbYBebAA=
github.com/RoXoR1412/puppy v1.2.0 h1:g3oAB822LOJ+1xywFc3TLkDIXPdXRozLAwjjqmSUP7Y=
github.com/RoXoR1412/puppy v1.2.0/go.mod h1:TWtQTPUQNi62XffxC7R7Sdx0Fm6ofQCQnkF/va3bIdA=
